// !$*UTF8*$!
{
	archiveVersion = 1;
	classes = {
	};
	objectVersion = 46;
	objects = {

/* Begin PBXBuildFile section */
		C938CE572024C15E00F2D28D /* tsp.cpp in Sources */ = {isa = PBXBuildFile; fileRef = C9F8E6C22020175100D554F6 /* tsp.cpp */; };
		C938CE5B2024C1ED00F2D28D /* CartoPath.cpp in Sources */ = {isa = PBXBuildFile; fileRef = C9D8B10E2014347E0099956C /* CartoPath.cpp */; };
		C938CE5C2024C20200F2D28D /* CartoPath.cpp in Sources */ = {isa = PBXBuildFile; fileRef = C9D8B10E2014347E0099956C /* CartoPath.cpp */; };
		C938CE5D2024C20900F2D28D /* CartoPath.cpp in Sources */ = {isa = PBXBuildFile; fileRef = C9D8B10E2014347E0099956C /* CartoPath.cpp */; };
		C9D8B1011F80A9E40099956C /* libopencv_core.2.4.13.dylib in Frameworks */ = {isa = PBXBuildFile; fileRef = C9D8B0FE1F80A9E40099956C /* libopencv_core.2.4.13.dylib */; };
		C9D8B1021F80A9E40099956C /* libopencv_highgui.2.4.13.dylib in Frameworks */ = {isa = PBXBuildFile; fileRef = C9D8B0FF1F80A9E40099956C /* libopencv_highgui.2.4.13.dylib */; };
		C9D8B1031F80A9E40099956C /* libopencv_imgproc.2.4.13.dylib in Frameworks */ = {isa = PBXBuildFile; fileRef = C9D8B1001F80A9E40099956C /* libopencv_imgproc.2.4.13.dylib */; };
		C9D8B1081F8DA8750099956C /* CartoMoveTest.cpp in Sources */ = {isa = PBXBuildFile; fileRef = C9D8B1071F8DA8750099956C /* CartoMoveTest.cpp */; };
		C9D8B10A1F8F20490099956C /* CartoSimulator.cpp in Sources */ = {isa = PBXBuildFile; fileRef = C9D8B1041F8A7F110099956C /* CartoSimulator.cpp */; };
		C9D8B113201435AB0099956C /* CartoNode.cpp in Sources */ = {isa = PBXBuildFile; fileRef = C9D8B111201435AB0099956C /* CartoNode.cpp */; };
		C9D8B11D2014F5C00099956C /* CartoNode.cpp in Sources */ = {isa = PBXBuildFile; fileRef = C9D8B111201435AB0099956C /* CartoNode.cpp */; };
		C9D8B11E2014F5C00099956C /* CartoSimulator.cpp in Sources */ = {isa = PBXBuildFile; fileRef = C9D8B1041F8A7F110099956C /* CartoSimulator.cpp */; };
		C9D8B11F2014F5C00099956C /* CartoMoveTest.cpp in Sources */ = {isa = PBXBuildFile; fileRef = C9D8B1071F8DA8750099956C /* CartoMoveTest.cpp */; };
		C9D8B1222014F5C00099956C /* libopencv_highgui.2.4.13.dylib in Frameworks */ = {isa = PBXBuildFile; fileRef = C9D8B0FF1F80A9E40099956C /* libopencv_highgui.2.4.13.dylib */; };
		C9D8B1232014F5C00099956C /* libopencv_imgproc.2.4.13.dylib in Frameworks */ = {isa = PBXBuildFile; fileRef = C9D8B1001F80A9E40099956C /* libopencv_imgproc.2.4.13.dylib */; };
		C9D8B1242014F5C00099956C /* libopencv_core.2.4.13.dylib in Frameworks */ = {isa = PBXBuildFile; fileRef = C9D8B0FE1F80A9E40099956C /* libopencv_core.2.4.13.dylib */; };
		C9F8E69D2014FB3800D554F6 /* grayscale_filter.cpp in Sources */ = {isa = PBXBuildFile; fileRef = C9F8E69A2014FA0600D554F6 /* grayscale_filter.cpp */; };
		C9F8E69E2014FE1800D554F6 /* main.cpp in Sources */ = {isa = PBXBuildFile; fileRef = C9D8B0F71F8093C60099956C /* main.cpp */; };
		C9F8E6A12014FEC100D554F6 /* CartoImageProc.cpp in Sources */ = {isa = PBXBuildFile; fileRef = C9F8E69F2014FEC100D554F6 /* CartoImageProc.cpp */; };
		C9F8E6A22014FEC100D554F6 /* CartoImageProc.cpp in Sources */ = {isa = PBXBuildFile; fileRef = C9F8E69F2014FEC100D554F6 /* CartoImageProc.cpp */; };
		C9F8E6AB201560DC00D554F6 /* main.cpp in Sources */ = {isa = PBXBuildFile; fileRef = C9F8E6AA201560DC00D554F6 /* main.cpp */; };
		C9F8E6B12015611400D554F6 /* random_walker.cpp in Sources */ = {isa = PBXBuildFile; fileRef = C9F8E6AF2015611400D554F6 /* random_walker.cpp */; };
		C9F8E6B42016290600D554F6 /* PerlinNoise.cpp in Sources */ = {isa = PBXBuildFile; fileRef = C9F8E6B22016290600D554F6 /* PerlinNoise.cpp */; };
		C9F8E6B52016333800D554F6 /* PerlinNoise.cpp in Sources */ = {isa = PBXBuildFile; fileRef = C9F8E6B22016290600D554F6 /* PerlinNoise.cpp */; };
		C9F8E6B62016333900D554F6 /* PerlinNoise.cpp in Sources */ = {isa = PBXBuildFile; fileRef = C9F8E6B22016290600D554F6 /* PerlinNoise.cpp */; };
		C9F8E6C720201AB000D554F6 /* PerlinNoise.cpp in Sources */ = {isa = PBXBuildFile; fileRef = C9F8E6B22016290600D554F6 /* PerlinNoise.cpp */; };
		C9F8E6C920201AB000D554F6 /* CartoNode.cpp in Sources */ = {isa = PBXBuildFile; fileRef = C9D8B111201435AB0099956C /* CartoNode.cpp */; };
		C9F8E6CA20201AB000D554F6 /* CartoSimulator.cpp in Sources */ = {isa = PBXBuildFile; fileRef = C9D8B1041F8A7F110099956C /* CartoSimulator.cpp */; };
		C9F8E6CB20201AB000D554F6 /* CartoImageProc.cpp in Sources */ = {isa = PBXBuildFile; fileRef = C9F8E69F2014FEC100D554F6 /* CartoImageProc.cpp */; };
		C9F8E6CD20201AB000D554F6 /* CartoMoveTest.cpp in Sources */ = {isa = PBXBuildFile; fileRef = C9D8B1071F8DA8750099956C /* CartoMoveTest.cpp */; };
		C9F8E6CF20201AB000D554F6 /* libopencv_highgui.2.4.13.dylib in Frameworks */ = {isa = PBXBuildFile; fileRef = C9D8B0FF1F80A9E40099956C /* libopencv_highgui.2.4.13.dylib */; };
		C9F8E6D020201AB000D554F6 /* libopencv_imgproc.2.4.13.dylib in Frameworks */ = {isa = PBXBuildFile; fileRef = C9D8B1001F80A9E40099956C /* libopencv_imgproc.2.4.13.dylib */; };
		C9F8E6D120201AB000D554F6 /* libopencv_core.2.4.13.dylib in Frameworks */ = {isa = PBXBuildFile; fileRef = C9D8B0FE1F80A9E40099956C /* libopencv_core.2.4.13.dylib */; };
		C9F8E6DA20203AC600D554F6 /* libortools.dylib in Frameworks */ = {isa = PBXBuildFile; fileRef = C9F8E6D920203AC600D554F6 /* libortools.dylib */; };
		C9F8E6DE2024B4BA00D554F6 /* libortools.dylib in Frameworks */ = {isa = PBXBuildFile; fileRef = C9F8E6D920203AC600D554F6 /* libortools.dylib */; };
/* End PBXBuildFile section */

/* Begin PBXCopyFilesBuildPhase section */
		C9D8B0F21F8093C60099956C /* CopyFiles */ = {
			isa = PBXCopyFilesBuildPhase;
			buildActionMask = 2147483647;
			dstPath = /usr/share/man/man1/;
			dstSubfolderSpec = 0;
			files = (
			);
			runOnlyForDeploymentPostprocessing = 1;
		};
		C9D8B1252014F5C00099956C /* CopyFiles */ = {
			isa = PBXCopyFilesBuildPhase;
			buildActionMask = 2147483647;
			dstPath = /usr/share/man/man1/;
			dstSubfolderSpec = 0;
			files = (
			);
			runOnlyForDeploymentPostprocessing = 1;
		};
		C9F8E6A6201560DC00D554F6 /* CopyFiles */ = {
			isa = PBXCopyFilesBuildPhase;
			buildActionMask = 2147483647;
			dstPath = /usr/share/man/man1/;
			dstSubfolderSpec = 0;
			files = (
			);
			runOnlyForDeploymentPostprocessing = 1;
		};
		C9F8E6D220201AB000D554F6 /* CopyFiles */ = {
			isa = PBXCopyFilesBuildPhase;
			buildActionMask = 2147483647;
			dstPath = /usr/share/man/man1/;
			dstSubfolderSpec = 0;
			files = (
			);
			runOnlyForDeploymentPostprocessing = 1;
		};
/* End PBXCopyFilesBuildPhase section */

/* Begin PBXFileReference section */
		C938CE5F2024E57300F2D28D /* google_tsp.cpp */ = {isa = PBXFileReference; lastKnownFileType = sourcecode.cpp.cpp; path = google_tsp.cpp; sourceTree = "<group>"; };
		C938CE6420267A9D00F2D28D /* fileDialog.mm */ = {isa = PBXFileReference; fileEncoding = 4; lastKnownFileType = sourcecode.cpp.objcpp; path = fileDialog.mm; sourceTree = "<group>"; };
		C9D4CFE8202951C1005379BB /* .gitignore */ = {isa = PBXFileReference; fileEncoding = 4; lastKnownFileType = text; path = .gitignore; sourceTree = "<group>"; };
		C9D8B0F41F8093C60099956C /* carto */ = {isa = PBXFileReference; explicitFileType = "compiled.mach-o.executable"; includeInIndex = 0; path = carto; sourceTree = BUILT_PRODUCTS_DIR; };
		C9D8B0F71F8093C60099956C /* main.cpp */ = {isa = PBXFileReference; lastKnownFileType = sourcecode.cpp.cpp; path = main.cpp; sourceTree = "<group>"; };
		C9D8B0FE1F80A9E40099956C /* libopencv_core.2.4.13.dylib */ = {isa = PBXFileReference; lastKnownFileType = "compiled.mach-o.dylib"; path = libopencv_core.2.4.13.dylib; sourceTree = "<group>"; };
		C9D8B0FF1F80A9E40099956C /* libopencv_highgui.2.4.13.dylib */ = {isa = PBXFileReference; lastKnownFileType = "compiled.mach-o.dylib"; path = libopencv_highgui.2.4.13.dylib; sourceTree = "<group>"; };
		C9D8B1001F80A9E40099956C /* libopencv_imgproc.2.4.13.dylib */ = {isa = PBXFileReference; lastKnownFileType = "compiled.mach-o.dylib"; path = libopencv_imgproc.2.4.13.dylib; sourceTree = "<group>"; };
		C9D8B1041F8A7F110099956C /* CartoSimulator.cpp */ = {isa = PBXFileReference; fileEncoding = 4; lastKnownFileType = sourcecode.cpp.cpp; path = CartoSimulator.cpp; sourceTree = "<group>"; };
		C9D8B1051F8A7F110099956C /* CartoSimulator.hpp */ = {isa = PBXFileReference; fileEncoding = 4; lastKnownFileType = sourcecode.cpp.h; path = CartoSimulator.hpp; sourceTree = "<group>"; };
		C9D8B1071F8DA8750099956C /* CartoMoveTest.cpp */ = {isa = PBXFileReference; fileEncoding = 4; lastKnownFileType = sourcecode.cpp.cpp; path = CartoMoveTest.cpp; sourceTree = "<group>"; };
		C9D8B1091F8F1A180099956C /* CartoMoveTest.hpp */ = {isa = PBXFileReference; lastKnownFileType = sourcecode.cpp.h; path = CartoMoveTest.hpp; sourceTree = "<group>"; };
		C9D8B10B1FCCFCAF0099956C /* car.jpg */ = {isa = PBXFileReference; lastKnownFileType = image.jpeg; path = car.jpg; sourceTree = "<group>"; };
		C9D8B10E2014347E0099956C /* CartoPath.cpp */ = {isa = PBXFileReference; fileEncoding = 4; lastKnownFileType = sourcecode.cpp.cpp; path = CartoPath.cpp; sourceTree = "<group>"; };
		C9D8B10F2014347E0099956C /* CartoPath.hpp */ = {isa = PBXFileReference; fileEncoding = 4; lastKnownFileType = sourcecode.cpp.h; path = CartoPath.hpp; sourceTree = "<group>"; };
		C9D8B111201435AB0099956C /* CartoNode.cpp */ = {isa = PBXFileReference; fileEncoding = 4; lastKnownFileType = sourcecode.cpp.cpp; path = CartoNode.cpp; sourceTree = "<group>"; };
		C9D8B112201435AB0099956C /* CartoNode.hpp */ = {isa = PBXFileReference; fileEncoding = 4; lastKnownFileType = sourcecode.cpp.h; path = CartoNode.hpp; sourceTree = "<group>"; };
		C9D8B115201436EF0099956C /* carto_includes.h */ = {isa = PBXFileReference; lastKnownFileType = sourcecode.c.h; path = carto_includes.h; sourceTree = "<group>"; };
		C9D8B1192014F5370099956C /* tests */ = {isa = PBXFileReference; lastKnownFileType = folder; path = tests; sourceTree = "<group>"; };
		C9D8B1292014F5C00099956C /* grayscale_filter */ = {isa = PBXFileReference; explicitFileType = "compiled.mach-o.executable"; includeInIndex = 0; path = grayscale_filter; sourceTree = BUILT_PRODUCTS_DIR; };
		C9DF5CAE20293D6F002F0F17 /* .gitattributes */ = {isa = PBXFileReference; fileEncoding = 4; lastKnownFileType = text; path = .gitattributes; sourceTree = "<group>"; };
		C9F8E69A2014FA0600D554F6 /* grayscale_filter.cpp */ = {isa = PBXFileReference; fileEncoding = 4; lastKnownFileType = sourcecode.cpp.cpp; path = grayscale_filter.cpp; sourceTree = "<group>"; };
		C9F8E69B2014FA0600D554F6 /* grayscale_filter.hpp */ = {isa = PBXFileReference; fileEncoding = 4; lastKnownFileType = sourcecode.cpp.h; path = grayscale_filter.hpp; sourceTree = "<group>"; };
		C9F8E69F2014FEC100D554F6 /* CartoImageProc.cpp */ = {isa = PBXFileReference; fileEncoding = 4; lastKnownFileType = sourcecode.cpp.cpp; path = CartoImageProc.cpp; sourceTree = "<group>"; };
		C9F8E6A02014FEC100D554F6 /* CartoImageProc.hpp */ = {isa = PBXFileReference; fileEncoding = 4; lastKnownFileType = sourcecode.cpp.h; path = CartoImageProc.hpp; sourceTree = "<group>"; };
		C9F8E6A3201522EB00D554F6 /* img.jpg */ = {isa = PBXFileReference; lastKnownFileType = image.jpeg; name = img.jpg; path = carto/img.jpg; sourceTree = SOURCE_ROOT; };
		C9F8E6A8201560DC00D554F6 /* random_walker */ = {isa = PBXFileReference; explicitFileType = "compiled.mach-o.executable"; includeInIndex = 0; path = random_walker; sourceTree = BUILT_PRODUCTS_DIR; };
		C9F8E6AA201560DC00D554F6 /* main.cpp */ = {isa = PBXFileReference; lastKnownFileType = sourcecode.cpp.cpp; path = main.cpp; sourceTree = "<group>"; };
		C9F8E6AF2015611400D554F6 /* random_walker.cpp */ = {isa = PBXFileReference; fileEncoding = 4; lastKnownFileType = sourcecode.cpp.cpp; path = random_walker.cpp; sourceTree = "<group>"; };
		C9F8E6B02015611400D554F6 /* random_walker.hpp */ = {isa = PBXFileReference; fileEncoding = 4; lastKnownFileType = sourcecode.cpp.h; path = random_walker.hpp; sourceTree = "<group>"; };
		C9F8E6B22016290600D554F6 /* PerlinNoise.cpp */ = {isa = PBXFileReference; fileEncoding = 4; lastKnownFileType = sourcecode.cpp.cpp; path = PerlinNoise.cpp; sourceTree = "<group>"; };
		C9F8E6B32016290600D554F6 /* PerlinNoise.hpp */ = {isa = PBXFileReference; fileEncoding = 4; lastKnownFileType = sourcecode.cpp.h; path = PerlinNoise.hpp; sourceTree = "<group>"; };
		C9F8E6C22020175100D554F6 /* tsp.cpp */ = {isa = PBXFileReference; fileEncoding = 4; lastKnownFileType = sourcecode.cpp.cpp; path = tsp.cpp; sourceTree = "<group>"; };
		C9F8E6C32020175100D554F6 /* tsp.hpp */ = {isa = PBXFileReference; fileEncoding = 4; lastKnownFileType = sourcecode.cpp.h; path = tsp.hpp; sourceTree = "<group>"; };
		C9F8E6D620201AB000D554F6 /* ortools_tsp */ = {isa = PBXFileReference; explicitFileType = "compiled.mach-o.executable"; includeInIndex = 0; path = ortools_tsp; sourceTree = BUILT_PRODUCTS_DIR; };
		C9F8E6D920203AC600D554F6 /* libortools.dylib */ = {isa = PBXFileReference; lastKnownFileType = "compiled.mach-o.dylib"; name = libortools.dylib; path = "/Users/matt/xcode/Cartogrifer/carto/carto/../../../or-tools-6.4/lib/libortools.dylib"; sourceTree = "<absolute>"; };
/* End PBXFileReference section */

/* Begin PBXFrameworksBuildPhase section */
		C9D8B0F11F8093C60099956C /* Frameworks */ = {
			isa = PBXFrameworksBuildPhase;
			buildActionMask = 2147483647;
			files = (
				C9D8B1021F80A9E40099956C /* libopencv_highgui.2.4.13.dylib in Frameworks */,
				C9D8B1031F80A9E40099956C /* libopencv_imgproc.2.4.13.dylib in Frameworks */,
				C9D8B1011F80A9E40099956C /* libopencv_core.2.4.13.dylib in Frameworks */,
			);
			runOnlyForDeploymentPostprocessing = 0;
		};
		C9D8B1212014F5C00099956C /* Frameworks */ = {
			isa = PBXFrameworksBuildPhase;
			buildActionMask = 2147483647;
			files = (
				C9F8E6DE2024B4BA00D554F6 /* libortools.dylib in Frameworks */,
				C9D8B1222014F5C00099956C /* libopencv_highgui.2.4.13.dylib in Frameworks */,
				C9D8B1232014F5C00099956C /* libopencv_imgproc.2.4.13.dylib in Frameworks */,
				C9D8B1242014F5C00099956C /* libopencv_core.2.4.13.dylib in Frameworks */,
			);
			runOnlyForDeploymentPostprocessing = 0;
		};
		C9F8E6A5201560DC00D554F6 /* Frameworks */ = {
			isa = PBXFrameworksBuildPhase;
			buildActionMask = 2147483647;
			files = (
			);
			runOnlyForDeploymentPostprocessing = 0;
		};
		C9F8E6CE20201AB000D554F6 /* Frameworks */ = {
			isa = PBXFrameworksBuildPhase;
			buildActionMask = 2147483647;
			files = (
				C9F8E6DA20203AC600D554F6 /* libortools.dylib in Frameworks */,
				C9F8E6CF20201AB000D554F6 /* libopencv_highgui.2.4.13.dylib in Frameworks */,
				C9F8E6D020201AB000D554F6 /* libopencv_imgproc.2.4.13.dylib in Frameworks */,
				C9F8E6D120201AB000D554F6 /* libopencv_core.2.4.13.dylib in Frameworks */,
			);
			runOnlyForDeploymentPostprocessing = 0;
		};
/* End PBXFrameworksBuildPhase section */

/* Begin PBXGroup section */
		C9D8B0EB1F8093C60099956C = {
			isa = PBXGroup;
			children = (
				C9D4CFE8202951C1005379BB /* .gitignore */,
				C9DF5CAE20293D6F002F0F17 /* .gitattributes */,
				C9D8B0F61F8093C60099956C /* carto */,
				C9F8E6A9201560DC00D554F6 /* random_walker */,
				C9D8B0F51F8093C60099956C /* Products */,
				C9F8E6D820203AC500D554F6 /* Frameworks */,
			);
			sourceTree = "<group>";
		};
		C9D8B0F51F8093C60099956C /* Products */ = {
			isa = PBXGroup;
			children = (
				C9D8B0F41F8093C60099956C /* carto */,
				C9D8B1292014F5C00099956C /* grayscale_filter */,
				C9F8E6A8201560DC00D554F6 /* random_walker */,
				C9F8E6D620201AB000D554F6 /* ortools_tsp */,
			);
			name = Products;
			sourceTree = "<group>";
		};
		C9D8B0F61F8093C60099956C /* carto */ = {
			isa = PBXGroup;
			children = (
				C938CE6420267A9D00F2D28D /* fileDialog.mm */,
				C9F8E6A3201522EB00D554F6 /* img.jpg */,
				C9F8E6B22016290600D554F6 /* PerlinNoise.cpp */,
				C9F8E6B32016290600D554F6 /* PerlinNoise.hpp */,
				C9F8E69A2014FA0600D554F6 /* grayscale_filter.cpp */,
				C9F8E6AF2015611400D554F6 /* random_walker.cpp */,
				C9F8E6C22020175100D554F6 /* tsp.cpp */,
				C938CE5F2024E57300F2D28D /* google_tsp.cpp */,
				C9F8E6C32020175100D554F6 /* tsp.hpp */,
				C9F8E6B02015611400D554F6 /* random_walker.hpp */,
				C9F8E69B2014FA0600D554F6 /* grayscale_filter.hpp */,
				C9D8B1192014F5370099956C /* tests */,
				C9D8B0F71F8093C60099956C /* main.cpp */,
				C9F8E69F2014FEC100D554F6 /* CartoImageProc.cpp */,
				C9F8E6A02014FEC100D554F6 /* CartoImageProc.hpp */,
				C9D8B0FE1F80A9E40099956C /* libopencv_core.2.4.13.dylib */,
				C9D8B0FF1F80A9E40099956C /* libopencv_highgui.2.4.13.dylib */,
				C9D8B1001F80A9E40099956C /* libopencv_imgproc.2.4.13.dylib */,
				C9D8B1041F8A7F110099956C /* CartoSimulator.cpp */,
				C9D8B1051F8A7F110099956C /* CartoSimulator.hpp */,
				C9D8B1071F8DA8750099956C /* CartoMoveTest.cpp */,
				C9D8B10B1FCCFCAF0099956C /* car.jpg */,
				C9D8B1091F8F1A180099956C /* CartoMoveTest.hpp */,
				C9D8B10E2014347E0099956C /* CartoPath.cpp */,
				C9D8B10F2014347E0099956C /* CartoPath.hpp */,
				C9D8B111201435AB0099956C /* CartoNode.cpp */,
				C9D8B112201435AB0099956C /* CartoNode.hpp */,
				C9D8B115201436EF0099956C /* carto_includes.h */,
				C9F8E6D920203AC600D554F6 /* libortools.dylib */,
			);
			path = carto;
			sourceTree = "<group>";
		};
		C9F8E6A9201560DC00D554F6 /* random_walker */ = {
			isa = PBXGroup;
			children = (
				C9F8E6AA201560DC00D554F6 /* main.cpp */,
			);
			path = random_walker;
			sourceTree = "<group>";
		};
		C9F8E6D820203AC500D554F6 /* Frameworks */ = {
			isa = PBXGroup;
			children = (
			);
			name = Frameworks;
			sourceTree = "<group>";
		};
/* End PBXGroup section */

/* Begin PBXNativeTarget section */
		C9D8B0F31F8093C60099956C /* carto */ = {
			isa = PBXNativeTarget;
			buildConfigurationList = C9D8B0FB1F8093C60099956C /* Build configuration list for PBXNativeTarget "carto" */;
			buildPhases = (
				C9D8B0F01F8093C60099956C /* Sources */,
				C9D8B0F11F8093C60099956C /* Frameworks */,
				C9D8B0F21F8093C60099956C /* CopyFiles */,
			);
			buildRules = (
			);
			dependencies = (
			);
			name = carto;
			productName = carto;
			productReference = C9D8B0F41F8093C60099956C /* carto */;
			productType = "com.apple.product-type.tool";
		};
		C9D8B11A2014F5C00099956C /* grayscale_filter */ = {
			isa = PBXNativeTarget;
			buildConfigurationList = C9D8B1262014F5C00099956C /* Build configuration list for PBXNativeTarget "grayscale_filter" */;
			buildPhases = (
				C9D8B11B2014F5C00099956C /* Sources */,
				C9D8B1212014F5C00099956C /* Frameworks */,
				C9D8B1252014F5C00099956C /* CopyFiles */,
			);
			buildRules = (
			);
			dependencies = (
			);
			name = grayscale_filter;
			productName = carto;
			productReference = C9D8B1292014F5C00099956C /* grayscale_filter */;
			productType = "com.apple.product-type.tool";
		};
		C9F8E6A7201560DC00D554F6 /* random_walker */ = {
			isa = PBXNativeTarget;
			buildConfigurationList = C9F8E6AC201560DC00D554F6 /* Build configuration list for PBXNativeTarget "random_walker" */;
			buildPhases = (
				C9F8E6A4201560DC00D554F6 /* Sources */,
				C9F8E6A5201560DC00D554F6 /* Frameworks */,
				C9F8E6A6201560DC00D554F6 /* CopyFiles */,
			);
			buildRules = (
			);
			dependencies = (
			);
			name = random_walker;
			productName = random_walker;
			productReference = C9F8E6A8201560DC00D554F6 /* random_walker */;
			productType = "com.apple.product-type.tool";
		};
		C9F8E6C520201AB000D554F6 /* ortools_tsp */ = {
			isa = PBXNativeTarget;
			buildConfigurationList = C9F8E6D320201AB000D554F6 /* Build configuration list for PBXNativeTarget "ortools_tsp" */;
			buildPhases = (
				C9F8E6C620201AB000D554F6 /* Sources */,
				C9F8E6CE20201AB000D554F6 /* Frameworks */,
				C9F8E6D220201AB000D554F6 /* CopyFiles */,
			);
			buildRules = (
			);
			dependencies = (
			);
			name = ortools_tsp;
			productName = carto;
			productReference = C9F8E6D620201AB000D554F6 /* ortools_tsp */;
			productType = "com.apple.product-type.tool";
		};
/* End PBXNativeTarget section */

/* Begin PBXProject section */
		C9D8B0EC1F8093C60099956C /* Project object */ = {
			isa = PBXProject;
			attributes = {
				LastUpgradeCheck = 0830;
				ORGANIZATIONNAME = "Matthew Thomas";
				TargetAttributes = {
					C9D8B0F31F8093C60099956C = {
						CreatedOnToolsVersion = 8.3.3;
						ProvisioningStyle = Automatic;
					};
					C9F8E6A7201560DC00D554F6 = {
						CreatedOnToolsVersion = 8.3.3;
						ProvisioningStyle = Automatic;
					};
				};
			};
			buildConfigurationList = C9D8B0EF1F8093C60099956C /* Build configuration list for PBXProject "carto" */;
			compatibilityVersion = "Xcode 3.2";
			developmentRegion = English;
			hasScannedForEncodings = 0;
			knownRegions = (
				en,
			);
			mainGroup = C9D8B0EB1F8093C60099956C;
			productRefGroup = C9D8B0F51F8093C60099956C /* Products */;
			projectDirPath = "";
			projectRoot = "";
			targets = (
				C9D8B0F31F8093C60099956C /* carto */,
				C9D8B11A2014F5C00099956C /* grayscale_filter */,
				C9F8E6A7201560DC00D554F6 /* random_walker */,
				C9F8E6C520201AB000D554F6 /* ortools_tsp */,
			);
		};
/* End PBXProject section */

/* Begin PBXSourcesBuildPhase section */
		C9D8B0F01F8093C60099956C /* Sources */ = {
			isa = PBXSourcesBuildPhase;
			buildActionMask = 2147483647;
			files = (
				C9F8E6B42016290600D554F6 /* PerlinNoise.cpp in Sources */,
				C938CE5D2024C20900F2D28D /* CartoPath.cpp in Sources */,
				C9D8B113201435AB0099956C /* CartoNode.cpp in Sources */,
				C9D8B10A1F8F20490099956C /* CartoSimulator.cpp in Sources */,
				C9F8E6A12014FEC100D554F6 /* CartoImageProc.cpp in Sources */,
				C9F8E69E2014FE1800D554F6 /* main.cpp in Sources */,
				C9D8B1081F8DA8750099956C /* CartoMoveTest.cpp in Sources */,
			);
			runOnlyForDeploymentPostprocessing = 0;
		};
		C9D8B11B2014F5C00099956C /* Sources */ = {
			isa = PBXSourcesBuildPhase;
			buildActionMask = 2147483647;
			files = (
				C9F8E69D2014FB3800D554F6 /* grayscale_filter.cpp in Sources */,
				C938CE5C2024C20200F2D28D /* CartoPath.cpp in Sources */,
				C9D8B11D2014F5C00099956C /* CartoNode.cpp in Sources */,
				C9F8E6B52016333800D554F6 /* PerlinNoise.cpp in Sources */,
				C9F8E6A22014FEC100D554F6 /* CartoImageProc.cpp in Sources */,
				C9D8B11E2014F5C00099956C /* CartoSimulator.cpp in Sources */,
				C9D8B11F2014F5C00099956C /* CartoMoveTest.cpp in Sources */,
			);
			runOnlyForDeploymentPostprocessing = 0;
		};
		C9F8E6A4201560DC00D554F6 /* Sources */ = {
			isa = PBXSourcesBuildPhase;
			buildActionMask = 2147483647;
			files = (
				C9F8E6B12015611400D554F6 /* random_walker.cpp in Sources */,
				C9F8E6AB201560DC00D554F6 /* main.cpp in Sources */,
				C9F8E6B62016333900D554F6 /* PerlinNoise.cpp in Sources */,
			);
			runOnlyForDeploymentPostprocessing = 0;
		};
		C9F8E6C620201AB000D554F6 /* Sources */ = {
			isa = PBXSourcesBuildPhase;
			buildActionMask = 2147483647;
			files = (
				C9F8E6C720201AB000D554F6 /* PerlinNoise.cpp in Sources */,
				C938CE5B2024C1ED00F2D28D /* CartoPath.cpp in Sources */,
				C9F8E6C920201AB000D554F6 /* CartoNode.cpp in Sources */,
				C9F8E6CA20201AB000D554F6 /* CartoSimulator.cpp in Sources */,
				C938CE572024C15E00F2D28D /* tsp.cpp in Sources */,
				C9F8E6CB20201AB000D554F6 /* CartoImageProc.cpp in Sources */,
				C9F8E6CD20201AB000D554F6 /* CartoMoveTest.cpp in Sources */,
			);
			runOnlyForDeploymentPostprocessing = 0;
		};
/* End PBXSourcesBuildPhase section */

/* Begin XCBuildConfiguration section */
		C9D8B0F91F8093C60099956C /* Debug */ = {
			isa = XCBuildConfiguration;
			buildSettings = {
				ALWAYS_SEARCH_USER_PATHS = NO;
				CLANG_ANALYZER_NONNULL = YES;
				CLANG_ANALYZER_NUMBER_OBJECT_CONVERSION = YES_AGGRESSIVE;
				CLANG_CXX_LANGUAGE_STANDARD = "gnu++0x";
				CLANG_CXX_LIBRARY = "libc++";
				CLANG_ENABLE_MODULES = YES;
				CLANG_ENABLE_OBJC_ARC = YES;
				CLANG_WARN_BOOL_CONVERSION = YES;
				CLANG_WARN_CONSTANT_CONVERSION = YES;
				CLANG_WARN_DIRECT_OBJC_ISA_USAGE = YES_ERROR;
				CLANG_WARN_DOCUMENTATION_COMMENTS = YES;
				CLANG_WARN_EMPTY_BODY = YES;
				CLANG_WARN_ENUM_CONVERSION = YES;
				CLANG_WARN_INFINITE_RECURSION = YES;
				CLANG_WARN_INT_CONVERSION = YES;
				CLANG_WARN_OBJC_ROOT_CLASS = YES_ERROR;
				CLANG_WARN_SUSPICIOUS_MOVE = YES;
				CLANG_WARN_UNREACHABLE_CODE = YES;
				CLANG_WARN__DUPLICATE_METHOD_MATCH = YES;
				CODE_SIGN_IDENTITY = "-";
				COPY_PHASE_STRIP = NO;
				DEBUG_INFORMATION_FORMAT = dwarf;
				ENABLE_STRICT_OBJC_MSGSEND = YES;
				ENABLE_TESTABILITY = YES;
				GCC_C_LANGUAGE_STANDARD = gnu99;
				GCC_DYNAMIC_NO_PIC = NO;
				GCC_NO_COMMON_BLOCKS = YES;
				GCC_OPTIMIZATION_LEVEL = 0;
				GCC_PREPROCESSOR_DEFINITIONS = (
					"DEBUG=1",
					"$(inherited)",
				);
				GCC_WARN_64_TO_32_BIT_CONVERSION = YES;
				GCC_WARN_ABOUT_RETURN_TYPE = YES_ERROR;
				GCC_WARN_UNDECLARED_SELECTOR = YES;
				GCC_WARN_UNINITIALIZED_AUTOS = YES_AGGRESSIVE;
				GCC_WARN_UNUSED_FUNCTION = YES;
				GCC_WARN_UNUSED_VARIABLE = YES;
				HEADER_SEARCH_PATHS = (
					/usr/local/include,
					/Users/matt/xcode/ann/include,
					.,
					/usr/local/Cellar/nlohmann_json/3.0.1/include,
					"/Users/matt/xcode/or-tools-6.4/ortools/",
					"/Users/matt/xcode/or-tools-6.4/ortools/gen/ortools/constraint_solver",
					"/Users/matt/xcode/or-tools-6.4/dependencies/install/include",
				);
				MACOSX_DEPLOYMENT_TARGET = 10.12;
				MTL_ENABLE_DEBUG_INFO = YES;
				ONLY_ACTIVE_ARCH = YES;
				SDKROOT = macosx;
			};
			name = Debug;
		};
		C9D8B0FA1F8093C60099956C /* Release */ = {
			isa = XCBuildConfiguration;
			buildSettings = {
				ALWAYS_SEARCH_USER_PATHS = NO;
				CLANG_ANALYZER_NONNULL = YES;
				CLANG_ANALYZER_NUMBER_OBJECT_CONVERSION = YES_AGGRESSIVE;
				CLANG_CXX_LANGUAGE_STANDARD = "gnu++0x";
				CLANG_CXX_LIBRARY = "libc++";
				CLANG_ENABLE_MODULES = YES;
				CLANG_ENABLE_OBJC_ARC = YES;
				CLANG_WARN_BOOL_CONVERSION = YES;
				CLANG_WARN_CONSTANT_CONVERSION = YES;
				CLANG_WARN_DIRECT_OBJC_ISA_USAGE = YES_ERROR;
				CLANG_WARN_DOCUMENTATION_COMMENTS = YES;
				CLANG_WARN_EMPTY_BODY = YES;
				CLANG_WARN_ENUM_CONVERSION = YES;
				CLANG_WARN_INFINITE_RECURSION = YES;
				CLANG_WARN_INT_CONVERSION = YES;
				CLANG_WARN_OBJC_ROOT_CLASS = YES_ERROR;
				CLANG_WARN_SUSPICIOUS_MOVE = YES;
				CLANG_WARN_UNREACHABLE_CODE = YES;
				CLANG_WARN__DUPLICATE_METHOD_MATCH = YES;
				CODE_SIGN_IDENTITY = "-";
				COPY_PHASE_STRIP = NO;
				DEBUG_INFORMATION_FORMAT = "dwarf-with-dsym";
				ENABLE_NS_ASSERTIONS = NO;
				ENABLE_STRICT_OBJC_MSGSEND = YES;
				GCC_C_LANGUAGE_STANDARD = gnu99;
				GCC_NO_COMMON_BLOCKS = YES;
				GCC_WARN_64_TO_32_BIT_CONVERSION = YES;
				GCC_WARN_ABOUT_RETURN_TYPE = YES_ERROR;
				GCC_WARN_UNDECLARED_SELECTOR = YES;
				GCC_WARN_UNINITIALIZED_AUTOS = YES_AGGRESSIVE;
				GCC_WARN_UNUSED_FUNCTION = YES;
				GCC_WARN_UNUSED_VARIABLE = YES;
				HEADER_SEARCH_PATHS = (
					/usr/local/include,
					/Users/matt/xcode/ann/include,
					.,
					/usr/local/Cellar/nlohmann_json/3.0.1/include,
					"/Users/matt/xcode/or-tools-6.4/ortools/",
					"/Users/matt/xcode/or-tools-6.4/ortools/gen/ortools/constraint_solver",
					"/Users/matt/xcode/or-tools-6.4/dependencies/install/include",
				);
				MACOSX_DEPLOYMENT_TARGET = 10.12;
				MTL_ENABLE_DEBUG_INFO = NO;
				SDKROOT = macosx;
			};
			name = Release;
		};
		C9D8B0FC1F8093C60099956C /* Debug */ = {
			isa = XCBuildConfiguration;
			buildSettings = {
				FRAMEWORK_SEARCH_PATHS = (
					/usr/local/lib,
					/Users/matt/xcode/ann/lib,
					.,
					"/Users/matt/xcode/or-tools-6.4/lib",
				);
				HEADER_SEARCH_PATHS = (
					/usr/local/include,
					/Users/matt/xcode/ann/include,
					.,
					"/Users/matt/xcode/or-tools-6.4",
					"/Users/matt/xcode/or-tools-6.4/dependencies/install/include",
					"/Users/matt/xcode/or-tools-6.4/ortools/gen/ortools/constraint_solver",
				);
				LIBRARY_SEARCH_PATHS = (
					"/Users/matt/xcode/opencv-2.4.13.3/build/lib",
					"$(PROJECT_DIR)/carto",
					/Users/matt/xcode/ann/lib,
					.,
					"/Users/matt/xcode/or-tools-6.4/lib",
				);
				OTHER_LDFLAGS = (
					"-v",
					"-lANN",
					"-lortools",
				);
				PRODUCT_NAME = "$(TARGET_NAME)";
			};
			name = Debug;
		};
		C9D8B0FD1F8093C60099956C /* Release */ = {
			isa = XCBuildConfiguration;
			buildSettings = {
				FRAMEWORK_SEARCH_PATHS = (
					/usr/local/lib,
					/Users/matt/xcode/ann/lib,
					.,
					"/Users/matt/xcode/or-tools-6.4/lib",
				);
				HEADER_SEARCH_PATHS = (
					/usr/local/include,
					/Users/matt/xcode/ann/include,
					.,
					"/Users/matt/xcode/or-tools-6.4",
					"/Users/matt/xcode/or-tools-6.4/dependencies/install/include",
					"/Users/matt/xcode/or-tools-6.4/ortools/gen/ortools/constraint_solver",
				);
				LIBRARY_SEARCH_PATHS = (
					"/Users/matt/xcode/opencv-2.4.13.3/build/lib",
					"$(PROJECT_DIR)/carto",
					/Users/matt/xcode/ann/lib,
					.,
					"/Users/matt/xcode/or-tools-6.4/lib",
				);
				OTHER_LDFLAGS = (
					"-v",
					"-lANN",
					"-lortools",
				);
				PRODUCT_NAME = "$(TARGET_NAME)";
			};
			name = Release;
		};
		C9D8B1272014F5C00099956C /* Debug */ = {
			isa = XCBuildConfiguration;
			buildSettings = {
				FRAMEWORK_SEARCH_PATHS = (
					/usr/local/lib,
					/Users/matt/xcode/ann/lib,
					.,
				);
				HEADER_SEARCH_PATHS = (
					/usr/local/include,
					/Users/matt/xcode/ann/include,
					.,
					/usr/local/Cellar/nlohmann_json/3.0.1/include,
					"/Users/matt/xcode/or-tools-6.4",
					"/Users/matt/xcode/or-tools-6.4/ortools/gen/ortools/constraint_solver",
					"/Users/matt/xcode/or-tools-6.4/dependencies/install/include",
				);
				LIBRARY_SEARCH_PATHS = (
					"/Users/matt/xcode/opencv-2.4.13.3/build/lib",
					"$(PROJECT_DIR)/carto",
					/Users/matt/xcode/ann/lib,
					.,
					"$(PROJECT_DIR)/carto/../../../or-tools-6.4/lib",
				);
				OTHER_LDFLAGS = (
					"-v",
					"-lANN",
					"-lortools",
					"-framework",
					Cocoa,
					"-framework",
					Carbon,
				);
				PRODUCT_NAME = "$(TARGET_NAME)";
			};
			name = Debug;
		};
		C9D8B1282014F5C00099956C /* Release */ = {
			isa = XCBuildConfiguration;
			buildSettings = {
				FRAMEWORK_SEARCH_PATHS = (
					/usr/local/lib,
					/Users/matt/xcode/ann/lib,
					.,
				);
				HEADER_SEARCH_PATHS = (
					/usr/local/include,
					/Users/matt/xcode/ann/include,
					.,
					/usr/local/Cellar/nlohmann_json/3.0.1/include,
					"/Users/matt/xcode/or-tools-6.4",
					"/Users/matt/xcode/or-tools-6.4/ortools/gen/ortools/constraint_solver",
					"/Users/matt/xcode/or-tools-6.4/dependencies/install/include",
				);
				LIBRARY_SEARCH_PATHS = (
					"/Users/matt/xcode/opencv-2.4.13.3/build/lib",
					"$(PROJECT_DIR)/carto",
					/Users/matt/xcode/ann/lib,
					.,
					"$(PROJECT_DIR)/carto/../../../or-tools-6.4/lib",
				);
				OTHER_LDFLAGS = (
					"-v",
					"-lANN",
					"-lortools",
					"-framework",
					Cocoa,
					"-framework",
					Carbon,
				);
				PRODUCT_NAME = "$(TARGET_NAME)";
			};
			name = Release;
		};
		C9F8E6AD201560DC00D554F6 /* Debug */ = {
			isa = XCBuildConfiguration;
			buildSettings = {
				PRODUCT_NAME = "$(TARGET_NAME)";
			};
			name = Debug;
		};
		C9F8E6AE201560DC00D554F6 /* Release */ = {
			isa = XCBuildConfiguration;
			buildSettings = {
				PRODUCT_NAME = "$(TARGET_NAME)";
			};
			name = Release;
		};
		C9F8E6D420201AB000D554F6 /* Debug */ = {
			isa = XCBuildConfiguration;
			buildSettings = {
				FRAMEWORK_SEARCH_PATHS = (
					/usr/local/lib,
					/Users/matt/xcode/ann/lib,
					.,
					"/Users/matt/xcode/or-tools-6.4/lib",
				);
				HEADER_SEARCH_PATHS = (
					/usr/local/include,
					/Users/matt/xcode/ann/include,
					.,
					"/Users/matt/xcode/or-tools-6.4",
					"/Users/matt/xcode/or-tools-6.4/dependencies/install/include",
					"/Users/matt/xcode/or-tools-6.4/ortools/gen/ortools/constraint_solver",
				);
				LIBRARY_SEARCH_PATHS = (
					"/Users/matt/xcode/opencv-2.4.13.3/build/lib",
					"$(PROJECT_DIR)/carto",
					/Users/matt/xcode/ann/lib,
					.,
					"/Users/matt/xcode/or-tools-6.4/lib",
				);
				OTHER_LDFLAGS = (
					"-v",
					"-lANN",
					"-lortools",
				);
				PRODUCT_NAME = "$(TARGET_NAME)";
				STRIP_INSTALLED_PRODUCT = YES;
			};
			name = Debug;
		};
		C9F8E6D520201AB000D554F6 /* Release */ = {
			isa = XCBuildConfiguration;
			buildSettings = {
				FRAMEWORK_SEARCH_PATHS = (
					/usr/local/lib,
					/Users/matt/xcode/ann/lib,
					.,
					"/Users/matt/xcode/or-tools-6.4/lib",
				);
				HEADER_SEARCH_PATHS = (
					/usr/local/include,
					/Users/matt/xcode/ann/include,
					.,
					"/Users/matt/xcode/or-tools-6.4",
					"/Users/matt/xcode/or-tools-6.4/dependencies/install/include",
					"/Users/matt/xcode/or-tools-6.4/ortools/gen/ortools/constraint_solver",
				);
				LIBRARY_SEARCH_PATHS = (
					"/Users/matt/xcode/opencv-2.4.13.3/build/lib",
					"$(PROJECT_DIR)/carto",
					/Users/matt/xcode/ann/lib,
					.,
					"/Users/matt/xcode/or-tools-6.4/lib",
				);
				OTHER_LDFLAGS = (
					"-v",
					"-lANN",
					"-lortools",
				);
				PRODUCT_NAME = "$(TARGET_NAME)";
				STRIP_INSTALLED_PRODUCT = YES;
			};
			name = Release;
		};
/* End XCBuildConfiguration section */

/* Begin XCConfigurationList section */
		C9D8B0EF1F8093C60099956C /* Build configuration list for PBXProject "carto" */ = {
			isa = XCConfigurationList;
			buildConfigurations = (
				C9D8B0F91F8093C60099956C /* Debug */,
				C9D8B0FA1F8093C60099956C /* Release */,
			);
			defaultConfigurationIsVisible = 0;
			defaultConfigurationName = Release;
		};
		C9D8B0FB1F8093C60099956C /* Build configuration list for PBXNativeTarget "carto" */ = {
			isa = XCConfigurationList;
			buildConfigurations = (
				C9D8B0FC1F8093C60099956C /* Debug */,
				C9D8B0FD1F8093C60099956C /* Release */,
			);
			defaultConfigurationIsVisible = 0;
			defaultConfigurationName = Release;
		};
		C9D8B1262014F5C00099956C /* Build configuration list for PBXNativeTarget "grayscale_filter" */ = {
			isa = XCConfigurationList;
			buildConfigurations = (
				C9D8B1272014F5C00099956C /* Debug */,
				C9D8B1282014F5C00099956C /* Release */,
			);
			defaultConfigurationIsVisible = 0;
			defaultConfigurationName = Release;
		};
		C9F8E6AC201560DC00D554F6 /* Build configuration list for PBXNativeTarget "random_walker" */ = {
			isa = XCConfigurationList;
			buildConfigurations = (
				C9F8E6AD201560DC00D554F6 /* Debug */,
				C9F8E6AE201560DC00D554F6 /* Release */,
			);
			defaultConfigurationIsVisible = 0;
			defaultConfigurationName = Release;
		};
		C9F8E6D320201AB000D554F6 /* Build configuration list for PBXNativeTarget "ortools_tsp" */ = {
			isa = XCConfigurationList;
			buildConfigurations = (
				C9F8E6D420201AB000D554F6 /* Debug */,
				C9F8E6D520201AB000D554F6 /* Release */,
			);
			defaultConfigurationIsVisible = 0;
			defaultConfigurationName = Release;
		};
/* End XCConfigurationList section */
	};
	rootObject = C9D8B0EC1F8093C60099956C /* Project object */;
}
